
Microsoft Visual Studio Solution File, Format Version 12.00
# Visual Studio Version 16
VisualStudioVersion = 16.0.36128.20
MinimumVisualStudioVersion = 10.0.40219.1
Project("{8BC9CEB8-8B4A-11D0-8D11-00A0C91BC942}") = "FishPass", "FishPass\FishPass.vcxproj", "{FE3C7530-E7A9-479C-9B2B-88DD8ED1AA38}"
EndProject
Global
	GlobalSection(SolutionConfigurationPlatforms) = preSolution
		Debug|x64 = Debug|x64
		Debug|x86 = Debug|x86
		Release|x64 = Release|x64
		Release|x86 = Release|x86
	EndGlobalSection
	GlobalSection(ProjectConfigurationPlatforms) = postSolution
		{FE3C7530-E7A9-479C-9B2B-88DD8ED1AA38}.Debug|x64.ActiveCfg = Debug|x64
		{FE3C7530-E7A9-479C-9B2B-88DD8ED1AA38}.Debug|x64.Build.0 = Debug|x64
		{FE3C7530-E7A9-479C-9B2B-88DD8ED1AA38}.Debug|x86.ActiveCfg = Debug|Win32
		{FE3C7530-E7A9-479C-9B2B-88DD8ED1AA38}.Debug|x86.Build.0 = Debug|Win32
		{FE3C7530-E7A9-479C-9B2B-88DD8ED1AA38}.Release|x64.ActiveCfg = Release|x64
		{FE3C7530-E7A9-479C-9B2B-88DD8ED1AA38}.Release|x64.Build.0 = Release|x64
		{FE3C7530-E7A9-479C-9B2B-88DD8ED1AA38}.Release|x86.ActiveCfg = Release|Win32
		{FE3C7530-E7A9-479C-9B2B-88DD8ED1AA38}.Release|x86.Build.0 = Release|Win32
	EndGlobalSection
	GlobalSection(SolutionProperties) = preSolution
		HideSolutionNode = FALSE
	EndGlobalSection
	GlobalSection(ExtensibilityGlobals) = postSolution
		SolutionGuid = {5070F84B-0378-48C2-9092-6A0FC79DEDEF}
	EndGlobalSection
EndGlobal
